PODS:
  - AFNetworking (2.5.4):
    - AFNetworking/NSURLConnection (= 2.5.4)
    - AFNetworking/NSURLSession (= 2.5.4)
    - AFNetworking/Reachability (= 2.5.4)
    - AFNetworking/Security (= 2.5.4)
    - AFNetworking/Serialization (= 2.5.4)
    - AFNetworking/UIKit (= 2.5.4)
  - AFNetworking/NSURLConnection (2.5.4):
    - AFNetworking/Reachability
    - AFNetworking/Security
    - AFNetworking/Serialization
  - AFNetworking/NSURLSession (2.5.4):
    - AFNetworking/Reachability
    - AFNetworking/Security
    - AFNetworking/Serialization
  - AFNetworking/Reachability (2.5.4)
  - AFNetworking/Security (2.5.4)
  - AFNetworking/Serialization (2.5.4)
  - AFNetworking/UIKit (2.5.4):
    - AFNetworking/NSURLConnection
    - AFNetworking/NSURLSession
  - DZVideoPlayerViewController (0.2.0)
  - Expecta (1.0.0)
  - JFMinimalNotifications (0.0.4)
  - KVOController (1.0.3)
  - M13ProgressSuite (1.2.7)
  - Objection (1.5)
  - SDWebImage (3.7.2):
    - SDWebImage/Core (= 3.7.2)
  - SDWebImage/Core (3.7.2)
  - Specta (1.0.1)
  - UICKeyChainStore (2.0.4)
  - XCDYouTubeKit (2.1.3)

DEPENDENCIES:
  - AFNetworking
  - DZVideoPlayerViewController (from `https://github.com/DZamataev/DZVideoPlayerViewController.git`,
    branch `master`)
  - Expecta
  - JFMinimalNotifications
  - KVOController
  - M13ProgressSuite
  - Objection
  - SDWebImage
  - Specta
  - UICKeyChainStore
  - XCDYouTubeKit

EXTERNAL SOURCES:
  DZVideoPlayerViewController:
    :branch: master
    :git: https://github.com/DZamataev/DZVideoPlayerViewController.git

CHECKOUT OPTIONS:
  DZVideoPlayerViewController:
    :commit: ab566974256f40d7a95b135d95e4794f5f978ca4
    :git: https://github.com/DZamataev/DZVideoPlayerViewController.git

SPEC CHECKSUMS:
  AFNetworking: 05edc0ac4c4c8cf57bcf4b84be5b0744b6d8e71e
  DZVideoPlayerViewController: b70535850e709ceb1766ec0268920939b65bc207
  Expecta: 32604574add2c46a36f8d2f716b6c5736eb75024
  JFMinimalNotifications: 2ab80fde6b8588a338be68d61763cc2085f8c938
  KVOController: 9fd8f0343670994e4b6f9f0b31f5a45663f3e1cf
  M13ProgressSuite: 03d194af6359da440641ba758aed5a18b0386a86
  Objection: c016a7d5a2bd9d581f2ce5d40e5ecd83acea7cf9
  SDWebImage: 71b7cdc1d1721d6a82ed62889030225f2c249e29
  Specta: 097be314a75de103703a3bf9a529dc1a398509d7
  UICKeyChainStore: 69eb0c3a6f669bccf16ba88de3b9069b71501361
  XCDYouTubeKit: ca3120218413fdd141567ca98b5418df309b1ced

COCOAPODS: 0.37.2
